{
  "object": {
    "pins": [
      {
        "package": "SwiftLoggedPrint",
        "repositoryURL": "https://github.com/ITzTravelInTime/SwiftLoggedPrint",
        "state": {
          "branch": null,
          "revision": "dddaa54e8939b0e8e42ae3b7757b3d30e67253f0",
          "version": "3.3.0"
        }
      },
      {
        "package": "SwiftPackagesBase",
        "repositoryURL": "https://github.com/ITzTravelInTime/SwiftPackagesBase",
        "state": {
          "branch": null,
          "revision": "de61a412c8b8e85b23cdc9d5e0f64a3765920188",
          "version": "0.0.6"
        }
      },
      {
        "package": "TINUIORegistry",
        "repositoryURL": "https://github.com/ITzTravelInTime/TINUIORegistry",
        "state": {
          "branch": null,
          "revision": "0aa2905fc42033b84032585462923a88315d13ff",
          "version": "0.1.1"
        }
      },
      {
        "package": "TINURecovery",
        "repositoryURL": "https://github.com/ITzTravelInTime/TINURecovery",
        "state": {
          "branch": null,
          "revision": "d3bcbdd608fc0fe8bffcb7cf34c94137842bf8b2",
          "version": "5.0.0"
        }
      }
    ]
  },
  "version": 1
}
