{
  "object": {
    "pins": [
      {
        "package": "SwiftLoggedPrint",
        "repositoryURL": "https://github.com/ITzTravelInTime/SwiftLoggedPrint",
        "state": {
          "branch": "main",
          "revision": "5236d5d1bcf0306d316bb6ac0af9ee6f07894f2f",
          "version": null
        }
      },
      {
        "package": "TINURecovery",
        "repositoryURL": "https://github.com/ITzTravelInTime/TINURecovery",
        "state": {
          "branch": "main",
          "revision": "44f4476cec22eb535e5d95efe2060a0f3e206d5c",
          "version": null
        }
      }
    ]
  },
  "version": 1
}
