{
  "object": {
    "pins": [
      {
        "package": "SwiftLoggedPrint",
        "repositoryURL": "https://github.com/ITzTravelInTime/SwiftLoggedPrint",
        "state": {
          "branch": null,
          "revision": "5236d5d1bcf0306d316bb6ac0af9ee6f07894f2f",
          "version": "3.2.0"
        }
      },
      {
        "package": "TINURecovery",
        "repositoryURL": "https://github.com/ITzTravelInTime/TINURecovery",
        "state": {
          "branch": null,
          "revision": "174fd77843d7158ca8e8e4b4835b7552df0170db",
          "version": "4.0.1"
        }
      }
    ]
  },
  "version": 1
}
